
Microsoft Visual Studio Solution File, Format Version 12.00
# Visual Studio Version 16
VisualStudioVersion = 16.0.30611.23
MinimumVisualStudioVersion = 10.0.40219.1
Project("{FAE04EC0-301F-11D3-BF4B-00C04F79EFBC}") = "Yagasoft.Tools.SolutionMaestro.Core", "Yagasoft.Tools.SolutionMaestro.Core\Yagasoft.Tools.SolutionMaestro.Core.csproj", "{8CC429C6-F1F9-446D-9CCF-B55CA3A89702}"
EndProject
Project("{FAE04EC0-301F-11D3-BF4B-00C04F79EFBC}") = "Yagasoft.Tools.SolutionMaestro.Cmd", "Yagasoft.Tools.SolutionMaestro.Cmd\Yagasoft.Tools.SolutionMaestro.Cmd.csproj", "{0085CBC7-6D46-402D-AF31-F2650BCE9EFE}"
EndProject
Global
	GlobalSection(SolutionConfigurationPlatforms) = preSolution
		Debug|Any CPU = Debug|Any CPU
		Release|Any CPU = Release|Any CPU
	EndGlobalSection
	GlobalSection(ProjectConfigurationPlatforms) = postSolution
		{8CC429C6-F1F9-446D-9CCF-B55CA3A89702}.Debug|Any CPU.ActiveCfg = Debug|Any CPU
		{8CC429C6-F1F9-446D-9CCF-B55CA3A89702}.Debug|Any CPU.Build.0 = Debug|Any CPU
		{8CC429C6-F1F9-446D-9CCF-B55CA3A89702}.Release|Any CPU.ActiveCfg = Release|Any CPU
		{8CC429C6-F1F9-446D-9CCF-B55CA3A89702}.Release|Any CPU.Build.0 = Release|Any CPU
		{0085CBC7-6D46-402D-AF31-F2650BCE9EFE}.Debug|Any CPU.ActiveCfg = Debug|Any CPU
		{0085CBC7-6D46-402D-AF31-F2650BCE9EFE}.Debug|Any CPU.Build.0 = Debug|Any CPU
		{0085CBC7-6D46-402D-AF31-F2650BCE9EFE}.Release|Any CPU.ActiveCfg = Release|Any CPU
		{0085CBC7-6D46-402D-AF31-F2650BCE9EFE}.Release|Any CPU.Build.0 = Release|Any CPU
	EndGlobalSection
	GlobalSection(SolutionProperties) = preSolution
		HideSolutionNode = FALSE
	EndGlobalSection
	GlobalSection(ExtensibilityGlobals) = postSolution
		SolutionGuid = {65FE7871-9C48-46CC-B636-8CAEFBD3135F}
	EndGlobalSection
EndGlobal
